
Microsoft Visual Studio Solution File, Format Version 12.00
# Visual Studio Version 17
VisualStudioVersion = 17.11.35327.3
MinimumVisualStudioVersion = 10.0.40219.1
Project("{9A19103F-16F7-4668-BE54-9A1E7A4F7556}") = "bcp.yape.bo.core", "bcp.yape.bo.core\bcp.yape.bo.core.csproj", "{327FD5F8-6946-4243-A672-A9D77344BBC8}"
EndProject
Project("{9A19103F-16F7-4668-BE54-9A1E7A4F7556}") = "bcp.yape.bo.infrastructure", "bcp.yape.bo.infrastructure\bcp.yape.bo.infrastructure.csproj", "{7B20DED7-F5C5-4AE4-8D96-01EC5656BF0F}"
EndProject
Project("{9A19103F-16F7-4668-BE54-9A1E7A4F7556}") = "bcp.yape.bo.services.apirest", "bcp.yape.bo.services.apirest\bcp.yape.bo.services.apirest.csproj", "{EAC60A06-F7C1-46D9-A957-03C9EAAD11F0}"
EndProject
Project("{2150E333-8FDC-42A3-9474-1A3956D46DE8}") = "TESTING", "TESTING", "{257AACC4-742D-4388-88EB-3BA7C1A62807}"
EndProject
Project("{2150E333-8FDC-42A3-9474-1A3956D46DE8}") = "UNIT AND INTEGRAL TESTING", "UNIT AND INTEGRAL TESTING", "{ADFA9A08-10B6-492A-B783-C123710D2005}"
EndProject
Project("{9A19103F-16F7-4668-BE54-9A1E7A4F7556}") = "apirest.unittests", "apirest.unittests\apirest.unittests.csproj", "{15423261-AB9F-426B-8A3D-84CCFECE41A4}"
EndProject
Project("{FAE04EC0-301F-11D3-BF4B-00C04F79EFBC}") = "core.unittests", "core.unittests\core.unittests.csproj", "{7D079A33-1242-43EE-9715-8EC208B83302}"
EndProject
Global
	GlobalSection(SolutionConfigurationPlatforms) = preSolution
		Debug|Any CPU = Debug|Any CPU
		Release|Any CPU = Release|Any CPU
	EndGlobalSection
	GlobalSection(ProjectConfigurationPlatforms) = postSolution
		{327FD5F8-6946-4243-A672-A9D77344BBC8}.Debug|Any CPU.ActiveCfg = Debug|Any CPU
		{327FD5F8-6946-4243-A672-A9D77344BBC8}.Debug|Any CPU.Build.0 = Debug|Any CPU
		{327FD5F8-6946-4243-A672-A9D77344BBC8}.Release|Any CPU.ActiveCfg = Release|Any CPU
		{327FD5F8-6946-4243-A672-A9D77344BBC8}.Release|Any CPU.Build.0 = Release|Any CPU
		{7B20DED7-F5C5-4AE4-8D96-01EC5656BF0F}.Debug|Any CPU.ActiveCfg = Debug|Any CPU
		{7B20DED7-F5C5-4AE4-8D96-01EC5656BF0F}.Debug|Any CPU.Build.0 = Debug|Any CPU
		{7B20DED7-F5C5-4AE4-8D96-01EC5656BF0F}.Release|Any CPU.ActiveCfg = Release|Any CPU
		{7B20DED7-F5C5-4AE4-8D96-01EC5656BF0F}.Release|Any CPU.Build.0 = Release|Any CPU
		{EAC60A06-F7C1-46D9-A957-03C9EAAD11F0}.Debug|Any CPU.ActiveCfg = Debug|Any CPU
		{EAC60A06-F7C1-46D9-A957-03C9EAAD11F0}.Debug|Any CPU.Build.0 = Debug|Any CPU
		{EAC60A06-F7C1-46D9-A957-03C9EAAD11F0}.Release|Any CPU.ActiveCfg = Release|Any CPU
		{EAC60A06-F7C1-46D9-A957-03C9EAAD11F0}.Release|Any CPU.Build.0 = Release|Any CPU
		{15423261-AB9F-426B-8A3D-84CCFECE41A4}.Debug|Any CPU.ActiveCfg = Debug|Any CPU
		{15423261-AB9F-426B-8A3D-84CCFECE41A4}.Debug|Any CPU.Build.0 = Debug|Any CPU
		{15423261-AB9F-426B-8A3D-84CCFECE41A4}.Release|Any CPU.ActiveCfg = Release|Any CPU
		{15423261-AB9F-426B-8A3D-84CCFECE41A4}.Release|Any CPU.Build.0 = Release|Any CPU
		{7D079A33-1242-43EE-9715-8EC208B83302}.Debug|Any CPU.ActiveCfg = Debug|Any CPU
		{7D079A33-1242-43EE-9715-8EC208B83302}.Debug|Any CPU.Build.0 = Debug|Any CPU
		{7D079A33-1242-43EE-9715-8EC208B83302}.Release|Any CPU.ActiveCfg = Release|Any CPU
		{7D079A33-1242-43EE-9715-8EC208B83302}.Release|Any CPU.Build.0 = Release|Any CPU
	EndGlobalSection
	GlobalSection(SolutionProperties) = preSolution
		HideSolutionNode = FALSE
	EndGlobalSection
	GlobalSection(NestedProjects) = preSolution
		{ADFA9A08-10B6-492A-B783-C123710D2005} = {257AACC4-742D-4388-88EB-3BA7C1A62807}
		{15423261-AB9F-426B-8A3D-84CCFECE41A4} = {ADFA9A08-10B6-492A-B783-C123710D2005}
		{7D079A33-1242-43EE-9715-8EC208B83302} = {ADFA9A08-10B6-492A-B783-C123710D2005}
	EndGlobalSection
	GlobalSection(ExtensibilityGlobals) = postSolution
		SolutionGuid = {963D06BE-C9DC-4F23-BDE5-5A1ED570400F}
	EndGlobalSection
EndGlobal
